
Microsoft Visual Studio Solution File, Format Version 12.00
# Visual Studio Version 16
VisualStudioVersion = 16.0.31624.102
MinimumVisualStudioVersion = 10.0.40219.1
Project("{FAE04EC0-301F-11D3-BF4B-00C04F79EFBC}") = "App1.Android", "App1\App1.Android\App1.Android.csproj", "{72991D53-DCD2-42E8-A632-6D0FEFC0BDA8}"
EndProject
Project("{FAE04EC0-301F-11D3-BF4B-00C04F79EFBC}") = "App1", "App1\App1\App1.csproj", "{A8F8BE74-3F0A-441E-834E-8D5EFC2965A2}"
EndProject
Global
	GlobalSection(SolutionConfigurationPlatforms) = preSolution
		Debug|Any CPU = Debug|Any CPU
		Release|Any CPU = Release|Any CPU
	EndGlobalSection
	GlobalSection(ProjectConfigurationPlatforms) = postSolution
		{72991D53-DCD2-42E8-A632-6D0FEFC0BDA8}.Debug|Any CPU.ActiveCfg = Debug|Any CPU
		{72991D53-DCD2-42E8-A632-6D0FEFC0BDA8}.Debug|Any CPU.Build.0 = Debug|Any CPU
		{72991D53-DCD2-42E8-A632-6D0FEFC0BDA8}.Debug|Any CPU.Deploy.0 = Debug|Any CPU
		{72991D53-DCD2-42E8-A632-6D0FEFC0BDA8}.Release|Any CPU.ActiveCfg = Release|Any CPU
		{72991D53-DCD2-42E8-A632-6D0FEFC0BDA8}.Release|Any CPU.Build.0 = Release|Any CPU
		{72991D53-DCD2-42E8-A632-6D0FEFC0BDA8}.Release|Any CPU.Deploy.0 = Release|Any CPU
		{A8F8BE74-3F0A-441E-834E-8D5EFC2965A2}.Debug|Any CPU.ActiveCfg = Debug|Any CPU
		{A8F8BE74-3F0A-441E-834E-8D5EFC2965A2}.Debug|Any CPU.Build.0 = Debug|Any CPU
		{A8F8BE74-3F0A-441E-834E-8D5EFC2965A2}.Debug|Any CPU.Deploy.0 = Debug|Any CPU
		{A8F8BE74-3F0A-441E-834E-8D5EFC2965A2}.Release|Any CPU.ActiveCfg = Release|Any CPU
		{A8F8BE74-3F0A-441E-834E-8D5EFC2965A2}.Release|Any CPU.Build.0 = Release|Any CPU
		{A8F8BE74-3F0A-441E-834E-8D5EFC2965A2}.Release|Any CPU.Deploy.0 = Release|Any CPU
	EndGlobalSection
	GlobalSection(SolutionProperties) = preSolution
		HideSolutionNode = FALSE
	EndGlobalSection
	GlobalSection(ExtensibilityGlobals) = postSolution
		SolutionGuid = {D5802CF5-1594-438F-8FFB-FB57862B06E6}
	EndGlobalSection
EndGlobal
